
Microsoft Visual Studio Solution File, Format Version 12.00
# Visual Studio Version 17
VisualStudioVersion = 17.8.34330.188
MinimumVisualStudioVersion = 10.0.40219.1
Project("{FAE04EC0-301F-11D3-BF4B-00C04F79EFBC}") = "PH55031_LaiGiaKiet", "PH55031_LaiGiaKiet\PH55031_LaiGiaKiet.csproj", "{0B31E918-D599-4AC2-8B90-1E6E688D497F}"
EndProject
Global
	GlobalSection(SolutionConfigurationPlatforms) = preSolution
		Debug|Any CPU = Debug|Any CPU
		Release|Any CPU = Release|Any CPU
	EndGlobalSection
	GlobalSection(ProjectConfigurationPlatforms) = postSolution
		{0B31E918-D599-4AC2-8B90-1E6E688D497F}.Debug|Any CPU.ActiveCfg = Debug|Any CPU
		{0B31E918-D599-4AC2-8B90-1E6E688D497F}.Debug|Any CPU.Build.0 = Debug|Any CPU
		{0B31E918-D599-4AC2-8B90-1E6E688D497F}.Release|Any CPU.ActiveCfg = Release|Any CPU
		{0B31E918-D599-4AC2-8B90-1E6E688D497F}.Release|Any CPU.Build.0 = Release|Any CPU
	EndGlobalSection
	GlobalSection(SolutionProperties) = preSolution
		HideSolutionNode = FALSE
	EndGlobalSection
	GlobalSection(ExtensibilityGlobals) = postSolution
		SolutionGuid = {1095A31A-3CBF-41DB-8B19-AE1E80EBAFAD}
	EndGlobalSection
EndGlobal
